{
  "name": "bf",
  "version": "1.0.0",
  "lockfileVersion": 1,
  "requires": true,
  "dependencies": {
    "arcsecond": {
      "version": "3.1.2",
      "resolved": "https://registry.npmjs.org/arcsecond/-/arcsecond-3.1.2.tgz",
      "integrity": "sha512-p9W8rdo7UzS928NZ3/vTdEu031HzoSV920nLaa1gASq0PKtNF9wrOlXOy2Mixio25tAT3NYj/EI6idaXJ0lQsg=="
    }
  }
}
